
Microsoft Visual Studio Solution File, Format Version 12.00
# Visual Studio Version 16
VisualStudioVersion = 16.0.29009.5
MinimumVisualStudioVersion = 10.0.40219.1
Project("{FAE04EC0-301F-11D3-BF4B-00C04F79EFBC}") = "Api_Liga_NetFramework", "Api_Liga_NetFramework\Api_Liga_NetFramework.csproj", "{73B5CBA5-1750-449A-8FFF-61BA0D6D6949}"
EndProject
Project("{FAE04EC0-301F-11D3-BF4B-00C04F79EFBC}") = "Datos", "Datos\Datos.csproj", "{81AD9C31-578B-4762-AA31-A749F82D59ED}"
EndProject
Project("{FAE04EC0-301F-11D3-BF4B-00C04F79EFBC}") = "Services", "Negocio\Services.csproj", "{74032FFD-D21E-475A-8A3B-48F2AF436AA3}"
EndProject
Global
	GlobalSection(SolutionConfigurationPlatforms) = preSolution
		Debug|Any CPU = Debug|Any CPU
		Release|Any CPU = Release|Any CPU
	EndGlobalSection
	GlobalSection(ProjectConfigurationPlatforms) = postSolution
		{73B5CBA5-1750-449A-8FFF-61BA0D6D6949}.Debug|Any CPU.ActiveCfg = Debug|Any CPU
		{73B5CBA5-1750-449A-8FFF-61BA0D6D6949}.Debug|Any CPU.Build.0 = Debug|Any CPU
		{73B5CBA5-1750-449A-8FFF-61BA0D6D6949}.Release|Any CPU.ActiveCfg = Release|Any CPU
		{73B5CBA5-1750-449A-8FFF-61BA0D6D6949}.Release|Any CPU.Build.0 = Release|Any CPU
		{81AD9C31-578B-4762-AA31-A749F82D59ED}.Debug|Any CPU.ActiveCfg = Debug|Any CPU
		{81AD9C31-578B-4762-AA31-A749F82D59ED}.Debug|Any CPU.Build.0 = Debug|Any CPU
		{81AD9C31-578B-4762-AA31-A749F82D59ED}.Release|Any CPU.ActiveCfg = Release|Any CPU
		{81AD9C31-578B-4762-AA31-A749F82D59ED}.Release|Any CPU.Build.0 = Release|Any CPU
		{74032FFD-D21E-475A-8A3B-48F2AF436AA3}.Debug|Any CPU.ActiveCfg = Debug|Any CPU
		{74032FFD-D21E-475A-8A3B-48F2AF436AA3}.Debug|Any CPU.Build.0 = Debug|Any CPU
		{74032FFD-D21E-475A-8A3B-48F2AF436AA3}.Release|Any CPU.ActiveCfg = Release|Any CPU
		{74032FFD-D21E-475A-8A3B-48F2AF436AA3}.Release|Any CPU.Build.0 = Release|Any CPU
	EndGlobalSection
	GlobalSection(SolutionProperties) = preSolution
		HideSolutionNode = FALSE
	EndGlobalSection
	GlobalSection(ExtensibilityGlobals) = postSolution
		SolutionGuid = {22297AF0-A8B9-4187-A535-A9AAC4E79DB9}
	EndGlobalSection
EndGlobal
